github.com/gilcrest/errors v0.13.3 h1:cTN++wwOPN6VonU75yi6tyGjS9xmrkLmJG0z/gbOwD8=
github.com/gilcrest/errors v0.13.3/go.mod h1:MXMoHeYRiVHvC2G7NTfScqIvx8lkZ9fUWYAORpBY65k=
github.com/rs/xid v1.2.1 h1:mhH9Nq+C1fY2l1XIpgxIiUOfNpRBYH1kKcr+qfKgjRc=
github.com/rs/xid v1.2.1/go.mod h1:+uKXf+4Djp6Md1KODXJxgGQPKngRmWyn10oCKFzNHOQ=
github.com/rs/zerolog v1.13.0 h1:hSNcYHyxDWycfePW7pUI8swuFkcSMPKh3E63Pokg1Hk=
github.com/rs/zerolog v1.13.0/go.mod h1:YbFCdg8HfsridGWAh22vktObvhZbQsZXe4/zB0OKkWU=
