github.com/gilcrest/errors v0.9.0 h1:h55ZgBnW46HGa23QbsYH5C8aVfPELb29E+TA5T8C5+o=
github.com/gilcrest/errors v0.9.0/go.mod h1:I/pp6AMNqp5tNurktyBw7Lu4BQu3FfsU2W/hM5yuwFE=
github.com/rs/xid v1.2.1 h1:mhH9Nq+C1fY2l1XIpgxIiUOfNpRBYH1kKcr+qfKgjRc=
github.com/rs/xid v1.2.1/go.mod h1:+uKXf+4Djp6Md1KODXJxgGQPKngRmWyn10oCKFzNHOQ=
github.com/rs/zerolog v1.11.0 h1:DRuq/S+4k52uJzBQciUcofXx45GrMC6yrEbb/CoK6+M=
github.com/rs/zerolog v1.11.0/go.mod h1:YbFCdg8HfsridGWAh22vktObvhZbQsZXe4/zB0OKkWU=
